// !$*UTF8*$!
{
	archiveVersion = 1;
	classes = {
	};
	objectVersion = 50;
	objects = {

/* Begin PBXBuildFile section */
		A470371D21CA79C700063723 /* AppDelegate.swift in Sources */ = {isa = PBXBuildFile; fileRef = A470371C21CA79C700063723 /* AppDelegate.swift */; };
		A470371F21CA79C700063723 /* ViewController.swift in Sources */ = {isa = PBXBuildFile; fileRef = A470371E21CA79C700063723 /* ViewController.swift */; };
		A470372221CA79C700063723 /* Main.storyboard in Resources */ = {isa = PBXBuildFile; fileRef = A470372021CA79C700063723 /* Main.storyboard */; };
		A470372421CA79C800063723 /* Assets.xcassets in Resources */ = {isa = PBXBuildFile; fileRef = A470372321CA79C800063723 /* Assets.xcassets */; };
		A470372721CA79C800063723 /* LaunchScreen.storyboard in Resources */ = {isa = PBXBuildFile; fileRef = A470372521CA79C800063723 /* LaunchScreen.storyboard */; };
		A470373221CA79C800063723 /* RealmTaskTests.swift in Sources */ = {isa = PBXBuildFile; fileRef = A470373121CA79C800063723 /* RealmTaskTests.swift */; };
		A470373D21CA79C800063723 /* RealmTaskUITests.swift in Sources */ = {isa = PBXBuildFile; fileRef = A470373C21CA79C800063723 /* RealmTaskUITests.swift */; };
/* End PBXBuildFile section */

/* Begin PBXContainerItemProxy section */
		A470372E21CA79C800063723 /* PBXContainerItemProxy */ = {
			isa = PBXContainerItemProxy;
			containerPortal = A470371121CA79C700063723 /* Project object */;
			proxyType = 1;
			remoteGlobalIDString = A470371821CA79C700063723;
			remoteInfo = RealmTask;
		};
		A470373921CA79C800063723 /* PBXContainerItemProxy */ = {
			isa = PBXContainerItemProxy;
			containerPortal = A470371121CA79C700063723 /* Project object */;
			proxyType = 1;
			remoteGlobalIDString = A470371821CA79C700063723;
			remoteInfo = RealmTask;
		};
/* End PBXContainerItemProxy section */

/* Begin PBXFileReference section */
		A470371921CA79C700063723 /* RealmTask.app */ = {isa = PBXFileReference; explicitFileType = wrapper.application; includeInIndex = 0; path = RealmTask.app; sourceTree = BUILT_PRODUCTS_DIR; };
		A470371C21CA79C700063723 /* AppDelegate.swift */ = {isa = PBXFileReference; lastKnownFileType = sourcecode.swift; path = AppDelegate.swift; sourceTree = "<group>"; };
		A470371E21CA79C700063723 /* ViewController.swift */ = {isa = PBXFileReference; lastKnownFileType = sourcecode.swift; path = ViewController.swift; sourceTree = "<group>"; };
		A470372121CA79C700063723 /* Base */ = {isa = PBXFileReference; lastKnownFileType = file.storyboard; name = Base; path = Base.lproj/Main.storyboard; sourceTree = "<group>"; };
		A470372321CA79C800063723 /* Assets.xcassets */ = {isa = PBXFileReference; lastKnownFileType = folder.assetcatalog; path = Assets.xcassets; sourceTree = "<group>"; };
		A470372621CA79C800063723 /* Base */ = {isa = PBXFileReference; lastKnownFileType = file.storyboard; name = Base; path = Base.lproj/LaunchScreen.storyboard; sourceTree = "<group>"; };
		A470372821CA79C800063723 /* Info.plist */ = {isa = PBXFileReference; lastKnownFileType = text.plist.xml; path = Info.plist; sourceTree = "<group>"; };
		A470372D21CA79C800063723 /* RealmTaskTests.xctest */ = {isa = PBXFileReference; explicitFileType = wrapper.cfbundle; includeInIndex = 0; path = RealmTaskTests.xctest; sourceTree = BUILT_PRODUCTS_DIR; };
		A470373121CA79C800063723 /* RealmTaskTests.swift */ = {isa = PBXFileReference; lastKnownFileType = sourcecode.swift; path = RealmTaskTests.swift; sourceTree = "<group>"; };
		A470373321CA79C800063723 /* Info.plist */ = {isa = PBXFileReference; lastKnownFileType = text.plist.xml; path = Info.plist; sourceTree = "<group>"; };
		A470373821CA79C800063723 /* RealmTaskUITests.xctest */ = {isa = PBXFileReference; explicitFileType = wrapper.cfbundle; includeInIndex = 0; path = RealmTaskUITests.xctest; sourceTree = BUILT_PRODUCTS_DIR; };
		A470373C21CA79C800063723 /* RealmTaskUITests.swift */ = {isa = PBXFileReference; lastKnownFileType = sourcecode.swift; path = RealmTaskUITests.swift; sourceTree = "<group>"; };
		A470373E21CA79C800063723 /* Info.plist */ = {isa = PBXFileReference; lastKnownFileType = text.plist.xml; path = Info.plist; sourceTree = "<group>"; };
/* End PBXFileReference section */

/* Begin PBXFrameworksBuildPhase section */
		A470371621CA79C700063723 /* Frameworks */ = {
			isa = PBXFrameworksBuildPhase;
			buildActionMask = 2147483647;
			files = (
			);
			runOnlyForDeploymentPostprocessing = 0;
		};
		A470372A21CA79C800063723 /* Frameworks */ = {
			isa = PBXFrameworksBuildPhase;
			buildActionMask = 2147483647;
			files = (
			);
			runOnlyForDeploymentPostprocessing = 0;
		};
		A470373521CA79C800063723 /* Frameworks */ = {
			isa = PBXFrameworksBuildPhase;
			buildActionMask = 2147483647;
			files = (
			);
			runOnlyForDeploymentPostprocessing = 0;
		};
/* End PBXFrameworksBuildPhase section */

/* Begin PBXGroup section */
		A470371021CA79C700063723 = {
			isa = PBXGroup;
			children = (
				A470371B21CA79C700063723 /* RealmTask */,
				A470373021CA79C800063723 /* RealmTaskTests */,
				A470373B21CA79C800063723 /* RealmTaskUITests */,
				A470371A21CA79C700063723 /* Products */,
			);
			sourceTree = "<group>";
		};
		A470371A21CA79C700063723 /* Products */ = {
			isa = PBXGroup;
			children = (
				A470371921CA79C700063723 /* RealmTask.app */,
				A470372D21CA79C800063723 /* RealmTaskTests.xctest */,
				A470373821CA79C800063723 /* RealmTaskUITests.xctest */,
			);
			name = Products;
			sourceTree = "<group>";
		};
		A470371B21CA79C700063723 /* RealmTask */ = {
			isa = PBXGroup;
			children = (
				A470371C21CA79C700063723 /* AppDelegate.swift */,
				A470371E21CA79C700063723 /* ViewController.swift */,
				A470372021CA79C700063723 /* Main.storyboard */,
				A470372321CA79C800063723 /* Assets.xcassets */,
				A470372521CA79C800063723 /* LaunchScreen.storyboard */,
				A470372821CA79C800063723 /* Info.plist */,
			);
			path = RealmTask;
			sourceTree = "<group>";
		};
		A470373021CA79C800063723 /* RealmTaskTests */ = {
			isa = PBXGroup;
			children = (
				A470373121CA79C800063723 /* RealmTaskTests.swift */,
				A470373321CA79C800063723 /* Info.plist */,
			);
			path = RealmTaskTests;
			sourceTree = "<group>";
		};
		A470373B21CA79C800063723 /* RealmTaskUITests */ = {
			isa = PBXGroup;
			children = (
				A470373C21CA79C800063723 /* RealmTaskUITests.swift */,
				A470373E21CA79C800063723 /* Info.plist */,
			);
			path = RealmTaskUITests;
			sourceTree = "<group>";
		};
/* End PBXGroup section */

/* Begin PBXNativeTarget section */
		A470371821CA79C700063723 /* RealmTask */ = {
			isa = PBXNativeTarget;
			buildConfigurationList = A470374121CA79C800063723 /* Build configuration list for PBXNativeTarget "RealmTask" */;
			buildPhases = (
				A470371521CA79C700063723 /* Sources */,
				A470371621CA79C700063723 /* Frameworks */,
				A470371721CA79C700063723 /* Resources */,
			);
			buildRules = (
			);
			dependencies = (
			);
			name = RealmTask;
			productName = RealmTask;
			productReference = A470371921CA79C700063723 /* RealmTask.app */;
			productType = "com.apple.product-type.application";
		};
		A470372C21CA79C800063723 /* RealmTaskTests */ = {
			isa = PBXNativeTarget;
			buildConfigurationList = A470374421CA79C800063723 /* Build configuration list for PBXNativeTarget "RealmTaskTests" */;
			buildPhases = (
				A470372921CA79C800063723 /* Sources */,
				A470372A21CA79C800063723 /* Frameworks */,
				A470372B21CA79C800063723 /* Resources */,
			);
			buildRules = (
			);
			dependencies = (
				A470372F21CA79C800063723 /* PBXTargetDependency */,
			);
			name = RealmTaskTests;
			productName = RealmTaskTests;
			productReference = A470372D21CA79C800063723 /* RealmTaskTests.xctest */;
			productType = "com.apple.product-type.bundle.unit-test";
		};
		A470373721CA79C800063723 /* RealmTaskUITests */ = {
			isa = PBXNativeTarget;
			buildConfigurationList = A470374721CA79C800063723 /* Build configuration list for PBXNativeTarget "RealmTaskUITests" */;
			buildPhases = (
				A470373421CA79C800063723 /* Sources */,
				A470373521CA79C800063723 /* Frameworks */,
				A470373621CA79C800063723 /* Resources */,
			);
			buildRules = (
			);
			dependencies = (
				A470373A21CA79C800063723 /* PBXTargetDependency */,
			);
			name = RealmTaskUITests;
			productName = RealmTaskUITests;
			productReference = A470373821CA79C800063723 /* RealmTaskUITests.xctest */;
			productType = "com.apple.product-type.bundle.ui-testing";
		};
/* End PBXNativeTarget section */

/* Begin PBXProject section */
		A470371121CA79C700063723 /* Project object */ = {
			isa = PBXProject;
			attributes = {
				LastSwiftUpdateCheck = 0930;
				LastUpgradeCheck = 0930;
				ORGANIZATIONNAME = "JOAQUIN DIAZ RAMIREZ";
				TargetAttributes = {
					A470371821CA79C700063723 = {
						CreatedOnToolsVersion = 9.3;
					};
					A470372C21CA79C800063723 = {
						CreatedOnToolsVersion = 9.3;
						TestTargetID = A470371821CA79C700063723;
					};
					A470373721CA79C800063723 = {
						CreatedOnToolsVersion = 9.3;
						TestTargetID = A470371821CA79C700063723;
					};
				};
			};
			buildConfigurationList = A470371421CA79C700063723 /* Build configuration list for PBXProject "RealmTask" */;
			compatibilityVersion = "Xcode 9.3";
			developmentRegion = en;
			hasScannedForEncodings = 0;
			knownRegions = (
				en,
				Base,
			);
			mainGroup = A470371021CA79C700063723;
			productRefGroup = A470371A21CA79C700063723 /* Products */;
			projectDirPath = "";
			projectRoot = "";
			targets = (
				A470371821CA79C700063723 /* RealmTask */,
				A470372C21CA79C800063723 /* RealmTaskTests */,
				A470373721CA79C800063723 /* RealmTaskUITests */,
			);
		};
/* End PBXProject section */

/* Begin PBXResourcesBuildPhase section */
		A470371721CA79C700063723 /* Resources */ = {
			isa = PBXResourcesBuildPhase;
			buildActionMask = 2147483647;
			files = (
				A470372721CA79C800063723 /* LaunchScreen.storyboard in Resources */,
				A470372421CA79C800063723 /* Assets.xcassets in Resources */,
				A470372221CA79C700063723 /* Main.storyboard in Resources */,
			);
			runOnlyForDeploymentPostprocessing = 0;
		};
		A470372B21CA79C800063723 /* Resources */ = {
			isa = PBXResourcesBuildPhase;
			buildActionMask = 2147483647;
			files = (
			);
			runOnlyForDeploymentPostprocessing = 0;
		};
		A470373621CA79C800063723 /* Resources */ = {
			isa = PBXResourcesBuildPhase;
			buildActionMask = 2147483647;
			files = (
			);
			runOnlyForDeploymentPostprocessing = 0;
		};
/* End PBXResourcesBuildPhase section */

/* Begin PBXSourcesBuildPhase section */
		A470371521CA79C700063723 /* Sources */ = {
			isa = PBXSourcesBuildPhase;
			buildActionMask = 2147483647;
			files = (
				A470371F21CA79C700063723 /* ViewController.swift in Sources */,
				A470371D21CA79C700063723 /* AppDelegate.swift in Sources */,
			);
			runOnlyForDeploymentPostprocessing = 0;
		};
		A470372921CA79C800063723 /* Sources */ = {
			isa = PBXSourcesBuildPhase;
			buildActionMask = 2147483647;
			files = (
				A470373221CA79C800063723 /* RealmTaskTests.swift in Sources */,
			);
			runOnlyForDeploymentPostprocessing = 0;
		};
		A470373421CA79C800063723 /* Sources */ = {
			isa = PBXSourcesBuildPhase;
			buildActionMask = 2147483647;
			files = (
				A470373D21CA79C800063723 /* RealmTaskUITests.swift in Sources */,
			);
			runOnlyForDeploymentPostprocessing = 0;
		};
/* End PBXSourcesBuildPhase section */

/* Begin PBXTargetDependency section */
		A470372F21CA79C800063723 /* PBXTargetDependency */ = {
			isa = PBXTargetDependency;
			target = A470371821CA79C700063723 /* RealmTask */;
			targetProxy = A470372E21CA79C800063723 /* PBXContainerItemProxy */;
		};
		A470373A21CA79C800063723 /* PBXTargetDependency */ = {
			isa = PBXTargetDependency;
			target = A470371821CA79C700063723 /* RealmTask */;
			targetProxy = A470373921CA79C800063723 /* PBXContainerItemProxy */;
		};
/* End PBXTargetDependency section */

/* Begin PBXVariantGroup section */
		A470372021CA79C700063723 /* Main.storyboard */ = {
			isa = PBXVariantGroup;
			children = (
				A470372121CA79C700063723 /* Base */,
			);
			name = Main.storyboard;
			sourceTree = "<group>";
		};
		A470372521CA79C800063723 /* LaunchScreen.storyboard */ = {
			isa = PBXVariantGroup;
			children = (
				A470372621CA79C800063723 /* Base */,
			);
			name = LaunchScreen.storyboard;
			sourceTree = "<group>";
		};
/* End PBXVariantGroup section */

/* Begin XCBuildConfiguration section */
		A470373F21CA79C800063723 /* Debug */ = {
			isa = XCBuildConfiguration;
			buildSettings = {
				ALWAYS_SEARCH_USER_PATHS = NO;
				CLANG_ANALYZER_NONNULL = YES;
				CLANG_ANALYZER_NUMBER_OBJECT_CONVERSION = YES_AGGRESSIVE;
				CLANG_CXX_LANGUAGE_STANDARD = "gnu++14";
				CLANG_CXX_LIBRARY = "libc++";
				CLANG_ENABLE_MODULES = YES;
				CLANG_ENABLE_OBJC_ARC = YES;
				CLANG_ENABLE_OBJC_WEAK = YES;
				CLANG_WARN_BLOCK_CAPTURE_AUTORELEASING = YES;
				CLANG_WARN_BOOL_CONVERSION = YES;
				CLANG_WARN_COMMA = YES;
				CLANG_WARN_CONSTANT_CONVERSION = YES;
				CLANG_WARN_DEPRECATED_OBJC_IMPLEMENTATIONS = YES;
				CLANG_WARN_DIRECT_OBJC_ISA_USAGE = YES_ERROR;
				CLANG_WARN_DOCUMENTATION_COMMENTS = YES;
				CLANG_WARN_EMPTY_BODY = YES;
				CLANG_WARN_ENUM_CONVERSION = YES;
				CLANG_WARN_INFINITE_RECURSION = YES;
				CLANG_WARN_INT_CONVERSION = YES;
				CLANG_WARN_NON_LITERAL_NULL_CONVERSION = YES;
				CLANG_WARN_OBJC_IMPLICIT_RETAIN_SELF = YES;
				CLANG_WARN_OBJC_LITERAL_CONVERSION = YES;
				CLANG_WARN_OBJC_ROOT_CLASS = YES_ERROR;
				CLANG_WARN_RANGE_LOOP_ANALYSIS = YES;
				CLANG_WARN_STRICT_PROTOTYPES = YES;
				CLANG_WARN_SUSPICIOUS_MOVE = YES;
				CLANG_WARN_UNGUARDED_AVAILABILITY = YES_AGGRESSIVE;
				CLANG_WARN_UNREACHABLE_CODE = YES;
				CLANG_WARN__DUPLICATE_METHOD_MATCH = YES;
				CODE_SIGN_IDENTITY = "iPhone Developer";
				COPY_PHASE_STRIP = NO;
				DEBUG_INFORMATION_FORMAT = dwarf;
				ENABLE_STRICT_OBJC_MSGSEND = YES;
				ENABLE_TESTABILITY = YES;
				GCC_C_LANGUAGE_STANDARD = gnu11;
				GCC_DYNAMIC_NO_PIC = NO;
				GCC_NO_COMMON_BLOCKS = YES;
				GCC_OPTIMIZATION_LEVEL = 0;
				GCC_PREPROCESSOR_DEFINITIONS = (
					"DEBUG=1",
					"$(inherited)",
				);
				GCC_WARN_64_TO_32_BIT_CONVERSION = YES;
				GCC_WARN_ABOUT_RETURN_TYPE = YES_ERROR;
				GCC_WARN_UNDECLARED_SELECTOR = YES;
				GCC_WARN_UNINITIALIZED_AUTOS = YES_AGGRESSIVE;
				GCC_WARN_UNUSED_FUNCTION = YES;
				GCC_WARN_UNUSED_VARIABLE = YES;
				IPHONEOS_DEPLOYMENT_TARGET = 11.3;
				MTL_ENABLE_DEBUG_INFO = YES;
				ONLY_ACTIVE_ARCH = YES;
				SDKROOT = iphoneos;
				SWIFT_ACTIVE_COMPILATION_CONDITIONS = DEBUG;
				SWIFT_OPTIMIZATION_LEVEL = "-Onone";
			};
			name = Debug;
		};
		A470374021CA79C800063723 /* Release */ = {
			isa = XCBuildConfiguration;
			buildSettings = {
				ALWAYS_SEARCH_USER_PATHS = NO;
				CLANG_ANALYZER_NONNULL = YES;
				CLANG_ANALYZER_NUMBER_OBJECT_CONVERSION = YES_AGGRESSIVE;
				CLANG_CXX_LANGUAGE_STANDARD = "gnu++14";
				CLANG_CXX_LIBRARY = "libc++";
				CLANG_ENABLE_MODULES = YES;
				CLANG_ENABLE_OBJC_ARC = YES;
				CLANG_ENABLE_OBJC_WEAK = YES;
				CLANG_WARN_BLOCK_CAPTURE_AUTORELEASING = YES;
				CLANG_WARN_BOOL_CONVERSION = YES;
				CLANG_WARN_COMMA = YES;
				CLANG_WARN_CONSTANT_CONVERSION = YES;
				CLANG_WARN_DEPRECATED_OBJC_IMPLEMENTATIONS = YES;
				CLANG_WARN_DIRECT_OBJC_ISA_USAGE = YES_ERROR;
				CLANG_WARN_DOCUMENTATION_COMMENTS = YES;
				CLANG_WARN_EMPTY_BODY = YES;
				CLANG_WARN_ENUM_CONVERSION = YES;
				CLANG_WARN_INFINITE_RECURSION = YES;
				CLANG_WARN_INT_CONVERSION = YES;
				CLANG_WARN_NON_LITERAL_NULL_CONVERSION = YES;
				CLANG_WARN_OBJC_IMPLICIT_RETAIN_SELF = YES;
				CLANG_WARN_OBJC_LITERAL_CONVERSION = YES;
				CLANG_WARN_OBJC_ROOT_CLASS = YES_ERROR;
				CLANG_WARN_RANGE_LOOP_ANALYSIS = YES;
				CLANG_WARN_STRICT_PROTOTYPES = YES;
				CLANG_WARN_SUSPICIOUS_MOVE = YES;
				CLANG_WARN_UNGUARDED_AVAILABILITY = YES_AGGRESSIVE;
				CLANG_WARN_UNREACHABLE_CODE = YES;
				CLANG_WARN__DUPLICATE_METHOD_MATCH = YES;
				CODE_SIGN_IDENTITY = "iPhone Developer";
				COPY_PHASE_STRIP = NO;
				DEBUG_INFORMATION_FORMAT = "dwarf-with-dsym";
				ENABLE_NS_ASSERTIONS = NO;
				ENABLE_STRICT_OBJC_MSGSEND = YES;
				GCC_C_LANGUAGE_STANDARD = gnu11;
				GCC_NO_COMMON_BLOCKS = YES;
				GCC_WARN_64_TO_32_BIT_CONVERSION = YES;
				GCC_WARN_ABOUT_RETURN_TYPE = YES_ERROR;
				GCC_WARN_UNDECLARED_SELECTOR = YES;
				GCC_WARN_UNINITIALIZED_AUTOS = YES_AGGRESSIVE;
				GCC_WARN_UNUSED_FUNCTION = YES;
				GCC_WARN_UNUSED_VARIABLE = YES;
				IPHONEOS_DEPLOYMENT_TARGET = 11.3;
				MTL_ENABLE_DEBUG_INFO = NO;
				SDKROOT = iphoneos;
				SWIFT_COMPILATION_MODE = wholemodule;
				SWIFT_OPTIMIZATION_LEVEL = "-O";
				VALIDATE_PRODUCT = YES;
			};
			name = Release;
		};
		A470374221CA79C800063723 /* Debug */ = {
			isa = XCBuildConfiguration;
			buildSettings = {
				ASSETCATALOG_COMPILER_APPICON_NAME = AppIcon;
				CODE_SIGN_STYLE = Automatic;
				DEVELOPMENT_TEAM = L283WBHYKQ;
				INFOPLIST_FILE = RealmTask/Info.plist;
				LD_RUNPATH_SEARCH_PATHS = (
					"$(inherited)",
					"@executable_path/Frameworks",
				);
				PRODUCT_BUNDLE_IDENTIFIER = joaquin.RealmTask;
				PRODUCT_NAME = "$(TARGET_NAME)";
				SWIFT_VERSION = 4.0;
				TARGETED_DEVICE_FAMILY = "1,2";
			};
			name = Debug;
		};
		A470374321CA79C800063723 /* Release */ = {
			isa = XCBuildConfiguration;
			buildSettings = {
				ASSETCATALOG_COMPILER_APPICON_NAME = AppIcon;
				CODE_SIGN_STYLE = Automatic;
				DEVELOPMENT_TEAM = L283WBHYKQ;
				INFOPLIST_FILE = RealmTask/Info.plist;
				LD_RUNPATH_SEARCH_PATHS = (
					"$(inherited)",
					"@executable_path/Frameworks",
				);
				PRODUCT_BUNDLE_IDENTIFIER = joaquin.RealmTask;
				PRODUCT_NAME = "$(TARGET_NAME)";
				SWIFT_VERSION = 4.0;
				TARGETED_DEVICE_FAMILY = "1,2";
			};
			name = Release;
		};
		A470374521CA79C800063723 /* Debug */ = {
			isa = XCBuildConfiguration;
			buildSettings = {
				ALWAYS_EMBED_SWIFT_STANDARD_LIBRARIES = YES;
				BUNDLE_LOADER = "$(TEST_HOST)";
				CODE_SIGN_STYLE = Automatic;
				DEVELOPMENT_TEAM = L283WBHYKQ;
				INFOPLIST_FILE = RealmTaskTests/Info.plist;
				LD_RUNPATH_SEARCH_PATHS = (
					"$(inherited)",
					"@executable_path/Frameworks",
					"@loader_path/Frameworks",
				);
				PRODUCT_BUNDLE_IDENTIFIER = joaquin.RealmTaskTests;
				PRODUCT_NAME = "$(TARGET_NAME)";
				SWIFT_VERSION = 4.0;
				TARGETED_DEVICE_FAMILY = "1,2";
				TEST_HOST = "$(BUILT_PRODUCTS_DIR)/RealmTask.app/RealmTask";
			};
			name = Debug;
		};
		A470374621CA79C800063723 /* Release */ = {
			isa = XCBuildConfiguration;
			buildSettings = {
				ALWAYS_EMBED_SWIFT_STANDARD_LIBRARIES = YES;
				BUNDLE_LOADER = "$(TEST_HOST)";
				CODE_SIGN_STYLE = Automatic;
				DEVELOPMENT_TEAM = L283WBHYKQ;
				INFOPLIST_FILE = RealmTaskTests/Info.plist;
				LD_RUNPATH_SEARCH_PATHS = (
					"$(inherited)",
					"@executable_path/Frameworks",
					"@loader_path/Frameworks",
				);
				PRODUCT_BUNDLE_IDENTIFIER = joaquin.RealmTaskTests;
				PRODUCT_NAME = "$(TARGET_NAME)";
				SWIFT_VERSION = 4.0;
				TARGETED_DEVICE_FAMILY = "1,2";
				TEST_HOST = "$(BUILT_PRODUCTS_DIR)/RealmTask.app/RealmTask";
			};
			name = Release;
		};
		A470374821CA79C800063723 /* Debug */ = {
			isa = XCBuildConfiguration;
			buildSettings = {
				ALWAYS_EMBED_SWIFT_STANDARD_LIBRARIES = YES;
				CODE_SIGN_STYLE = Automatic;
				DEVELOPMENT_TEAM = L283WBHYKQ;
				INFOPLIST_FILE = RealmTaskUITests/Info.plist;
				LD_RUNPATH_SEARCH_PATHS = (
					"$(inherited)",
					"@executable_path/Frameworks",
					"@loader_path/Frameworks",
				);
				PRODUCT_BUNDLE_IDENTIFIER = joaquin.RealmTaskUITests;
				PRODUCT_NAME = "$(TARGET_NAME)";
				SWIFT_VERSION = 4.0;
				TARGETED_DEVICE_FAMILY = "1,2";
				TEST_TARGET_NAME = RealmTask;
			};
			name = Debug;
		};
		A470374921CA79C800063723 /* Release */ = {
			isa = XCBuildConfiguration;
			buildSettings = {
				ALWAYS_EMBED_SWIFT_STANDARD_LIBRARIES = YES;
				CODE_SIGN_STYLE = Automatic;
				DEVELOPMENT_TEAM = L283WBHYKQ;
				INFOPLIST_FILE = RealmTaskUITests/Info.plist;
				LD_RUNPATH_SEARCH_PATHS = (
					"$(inherited)",
					"@executable_path/Frameworks",
					"@loader_path/Frameworks",
				);
				PRODUCT_BUNDLE_IDENTIFIER = joaquin.RealmTaskUITests;
				PRODUCT_NAME = "$(TARGET_NAME)";
				SWIFT_VERSION = 4.0;
				TARGETED_DEVICE_FAMILY = "1,2";
				TEST_TARGET_NAME = RealmTask;
			};
			name = Release;
		};
/* End XCBuildConfiguration section */

/* Begin XCConfigurationList section */
		A470371421CA79C700063723 /* Build configuration list for PBXProject "RealmTask" */ = {
			isa = XCConfigurationList;
			buildConfigurations = (
				A470373F21CA79C800063723 /* Debug */,
				A470374021CA79C800063723 /* Release */,
			);
			defaultConfigurationIsVisible = 0;
			defaultConfigurationName = Release;
		};
		A470374121CA79C800063723 /* Build configuration list for PBXNativeTarget "RealmTask" */ = {
			isa = XCConfigurationList;
			buildConfigurations = (
				A470374221CA79C800063723 /* Debug */,
				A470374321CA79C800063723 /* Release */,
			);
			defaultConfigurationIsVisible = 0;
			defaultConfigurationName = Release;
		};
		A470374421CA79C800063723 /* Build configuration list for PBXNativeTarget "RealmTaskTests" */ = {
			isa = XCConfigurationList;
			buildConfigurations = (
				A470374521CA79C800063723 /* Debug */,
				A470374621CA79C800063723 /* Release */,
			);
			defaultConfigurationIsVisible = 0;
			defaultConfigurationName = Release;
		};
		A470374721CA79C800063723 /* Build configuration list for PBXNativeTarget "RealmTaskUITests" */ = {
			isa = XCConfigurationList;
			buildConfigurations = (
				A470374821CA79C800063723 /* Debug */,
				A470374921CA79C800063723 /* Release */,
			);
			defaultConfigurationIsVisible = 0;
			defaultConfigurationName = Release;
		};
/* End XCConfigurationList section */
	};
	rootObject = A470371121CA79C700063723 /* Project object */;
}
