// !$*UTF8*$!
{
	archiveVersion = 1;
	classes = {
	};
	objectVersion = 50;
	objects = {

/* Begin PBXBuildFile section */
		530972DB8BEC98473D7AF7D2 /* Pods_RealmTaskUITests.framework in Frameworks */ = {isa = PBXBuildFile; fileRef = 272F93FB29AD3A39B81F6031 /* Pods_RealmTaskUITests.framework */; };
		55D6CBD7CA5004D0E8616657 /* Pods_RealmTask.framework in Frameworks */ = {isa = PBXBuildFile; fileRef = 6E454C7056093DCC6D27F0C9 /* Pods_RealmTask.framework */; };
		A470371D21CA79C700063723 /* AppDelegate.swift in Sources */ = {isa = PBXBuildFile; fileRef = A470371C21CA79C700063723 /* AppDelegate.swift */; };
		A470372421CA79C800063723 /* Assets.xcassets in Resources */ = {isa = PBXBuildFile; fileRef = A470372321CA79C800063723 /* Assets.xcassets */; };
		A470372721CA79C800063723 /* LaunchScreen.storyboard in Resources */ = {isa = PBXBuildFile; fileRef = A470372521CA79C800063723 /* LaunchScreen.storyboard */; };
		A470373221CA79C800063723 /* RealmTaskTests.swift in Sources */ = {isa = PBXBuildFile; fileRef = A470373121CA79C800063723 /* RealmTaskTests.swift */; };
		A470373D21CA79C800063723 /* RealmTaskUITests.swift in Sources */ = {isa = PBXBuildFile; fileRef = A470373C21CA79C800063723 /* RealmTaskUITests.swift */; };
		A470374E21CA7A3C00063723 /* MainViewController.swift in Sources */ = {isa = PBXBuildFile; fileRef = A470374C21CA7A3C00063723 /* MainViewController.swift */; };
		A470374F21CA7A3C00063723 /* MainViewController.xib in Resources */ = {isa = PBXBuildFile; fileRef = A470374D21CA7A3C00063723 /* MainViewController.xib */; };
		A470375221CA7AB100063723 /* User.swift in Sources */ = {isa = PBXBuildFile; fileRef = A470375121CA7AB100063723 /* User.swift */; };
		A470375521CA7B4700063723 /* LocalUserRepository.swift in Sources */ = {isa = PBXBuildFile; fileRef = A470375421CA7B4700063723 /* LocalUserRepository.swift */; };
		A470375721CA7B5000063723 /* Repository.swift in Sources */ = {isa = PBXBuildFile; fileRef = A470375621CA7B5000063723 /* Repository.swift */; };
		A470375C21CA7C8100063723 /* UsersTableViewCell.swift in Sources */ = {isa = PBXBuildFile; fileRef = A470375A21CA7C8100063723 /* UsersTableViewCell.swift */; };
		A470375D21CA7C8100063723 /* UsersTableViewCell.xib in Resources */ = {isa = PBXBuildFile; fileRef = A470375B21CA7C8100063723 /* UsersTableViewCell.xib */; };
		A470376021CA7DDC00063723 /* UserEntity.swift in Sources */ = {isa = PBXBuildFile; fileRef = A470375F21CA7DDC00063723 /* UserEntity.swift */; };
		A470376421CA7F7800063723 /* AddViewController.swift in Sources */ = {isa = PBXBuildFile; fileRef = A470376221CA7F7800063723 /* AddViewController.swift */; };
		A470376521CA7F7800063723 /* AddViewController.xib in Resources */ = {isa = PBXBuildFile; fileRef = A470376321CA7F7800063723 /* AddViewController.xib */; };
		CEEDFA75C0EFBF2F36599E37 /* Pods_RealmTaskTests.framework in Frameworks */ = {isa = PBXBuildFile; fileRef = 403534D7CE9D30FFAD402CDC /* Pods_RealmTaskTests.framework */; };
/* End PBXBuildFile section */

/* Begin PBXContainerItemProxy section */
		A470372E21CA79C800063723 /* PBXContainerItemProxy */ = {
			isa = PBXContainerItemProxy;
			containerPortal = A470371121CA79C700063723 /* Project object */;
			proxyType = 1;
			remoteGlobalIDString = A470371821CA79C700063723;
			remoteInfo = RealmTask;
		};
		A470373921CA79C800063723 /* PBXContainerItemProxy */ = {
			isa = PBXContainerItemProxy;
			containerPortal = A470371121CA79C700063723 /* Project object */;
			proxyType = 1;
			remoteGlobalIDString = A470371821CA79C700063723;
			remoteInfo = RealmTask;
		};
/* End PBXContainerItemProxy section */

/* Begin PBXFileReference section */
		272F93FB29AD3A39B81F6031 /* Pods_RealmTaskUITests.framework */ = {isa = PBXFileReference; explicitFileType = wrapper.framework; includeInIndex = 0; path = Pods_RealmTaskUITests.framework; sourceTree = BUILT_PRODUCTS_DIR; };
		39EE2D6C1802719406A13781 /* Pods-RealmTaskUITests.debug.xcconfig */ = {isa = PBXFileReference; includeInIndex = 1; lastKnownFileType = text.xcconfig; name = "Pods-RealmTaskUITests.debug.xcconfig"; path = "Pods/Target Support Files/Pods-RealmTaskUITests/Pods-RealmTaskUITests.debug.xcconfig"; sourceTree = "<group>"; };
		403534D7CE9D30FFAD402CDC /* Pods_RealmTaskTests.framework */ = {isa = PBXFileReference; explicitFileType = wrapper.framework; includeInIndex = 0; path = Pods_RealmTaskTests.framework; sourceTree = BUILT_PRODUCTS_DIR; };
		5677CCE421876806498328A1 /* Pods-RealmTaskUITests.release.xcconfig */ = {isa = PBXFileReference; includeInIndex = 1; lastKnownFileType = text.xcconfig; name = "Pods-RealmTaskUITests.release.xcconfig"; path = "Pods/Target Support Files/Pods-RealmTaskUITests/Pods-RealmTaskUITests.release.xcconfig"; sourceTree = "<group>"; };
		576634CF0986FDF08E471EC0 /* Pods-RealmTaskTests.release.xcconfig */ = {isa = PBXFileReference; includeInIndex = 1; lastKnownFileType = text.xcconfig; name = "Pods-RealmTaskTests.release.xcconfig"; path = "Pods/Target Support Files/Pods-RealmTaskTests/Pods-RealmTaskTests.release.xcconfig"; sourceTree = "<group>"; };
		6E454C7056093DCC6D27F0C9 /* Pods_RealmTask.framework */ = {isa = PBXFileReference; explicitFileType = wrapper.framework; includeInIndex = 0; path = Pods_RealmTask.framework; sourceTree = BUILT_PRODUCTS_DIR; };
		7ECCD5E5EF163E4E5E3854D2 /* Pods-RealmTaskTests.debug.xcconfig */ = {isa = PBXFileReference; includeInIndex = 1; lastKnownFileType = text.xcconfig; name = "Pods-RealmTaskTests.debug.xcconfig"; path = "Pods/Target Support Files/Pods-RealmTaskTests/Pods-RealmTaskTests.debug.xcconfig"; sourceTree = "<group>"; };
		94497485BCA9C26248A6DDD7 /* Pods-RealmTask.release.xcconfig */ = {isa = PBXFileReference; includeInIndex = 1; lastKnownFileType = text.xcconfig; name = "Pods-RealmTask.release.xcconfig"; path = "Pods/Target Support Files/Pods-RealmTask/Pods-RealmTask.release.xcconfig"; sourceTree = "<group>"; };
		A470371921CA79C700063723 /* RealmTask.app */ = {isa = PBXFileReference; explicitFileType = wrapper.application; includeInIndex = 0; path = RealmTask.app; sourceTree = BUILT_PRODUCTS_DIR; };
		A470371C21CA79C700063723 /* AppDelegate.swift */ = {isa = PBXFileReference; lastKnownFileType = sourcecode.swift; path = AppDelegate.swift; sourceTree = "<group>"; };
		A470372321CA79C800063723 /* Assets.xcassets */ = {isa = PBXFileReference; lastKnownFileType = folder.assetcatalog; path = Assets.xcassets; sourceTree = "<group>"; };
		A470372621CA79C800063723 /* Base */ = {isa = PBXFileReference; lastKnownFileType = file.storyboard; name = Base; path = Base.lproj/LaunchScreen.storyboard; sourceTree = "<group>"; };
		A470372821CA79C800063723 /* Info.plist */ = {isa = PBXFileReference; lastKnownFileType = text.plist.xml; path = Info.plist; sourceTree = "<group>"; };
		A470372D21CA79C800063723 /* RealmTaskTests.xctest */ = {isa = PBXFileReference; explicitFileType = wrapper.cfbundle; includeInIndex = 0; path = RealmTaskTests.xctest; sourceTree = BUILT_PRODUCTS_DIR; };
		A470373121CA79C800063723 /* RealmTaskTests.swift */ = {isa = PBXFileReference; lastKnownFileType = sourcecode.swift; path = RealmTaskTests.swift; sourceTree = "<group>"; };
		A470373321CA79C800063723 /* Info.plist */ = {isa = PBXFileReference; lastKnownFileType = text.plist.xml; path = Info.plist; sourceTree = "<group>"; };
		A470373821CA79C800063723 /* RealmTaskUITests.xctest */ = {isa = PBXFileReference; explicitFileType = wrapper.cfbundle; includeInIndex = 0; path = RealmTaskUITests.xctest; sourceTree = BUILT_PRODUCTS_DIR; };
		A470373C21CA79C800063723 /* RealmTaskUITests.swift */ = {isa = PBXFileReference; lastKnownFileType = sourcecode.swift; path = RealmTaskUITests.swift; sourceTree = "<group>"; };
		A470373E21CA79C800063723 /* Info.plist */ = {isa = PBXFileReference; lastKnownFileType = text.plist.xml; path = Info.plist; sourceTree = "<group>"; };
		A470374C21CA7A3C00063723 /* MainViewController.swift */ = {isa = PBXFileReference; lastKnownFileType = sourcecode.swift; path = MainViewController.swift; sourceTree = "<group>"; };
		A470374D21CA7A3C00063723 /* MainViewController.xib */ = {isa = PBXFileReference; lastKnownFileType = file.xib; path = MainViewController.xib; sourceTree = "<group>"; };
		A470375121CA7AB100063723 /* User.swift */ = {isa = PBXFileReference; lastKnownFileType = sourcecode.swift; path = User.swift; sourceTree = "<group>"; };
		A470375421CA7B4700063723 /* LocalUserRepository.swift */ = {isa = PBXFileReference; lastKnownFileType = sourcecode.swift; path = LocalUserRepository.swift; sourceTree = "<group>"; };
		A470375621CA7B5000063723 /* Repository.swift */ = {isa = PBXFileReference; lastKnownFileType = sourcecode.swift; path = Repository.swift; sourceTree = "<group>"; };
		A470375A21CA7C8100063723 /* UsersTableViewCell.swift */ = {isa = PBXFileReference; lastKnownFileType = sourcecode.swift; path = UsersTableViewCell.swift; sourceTree = "<group>"; };
		A470375B21CA7C8100063723 /* UsersTableViewCell.xib */ = {isa = PBXFileReference; lastKnownFileType = file.xib; path = UsersTableViewCell.xib; sourceTree = "<group>"; };
		A470375F21CA7DDC00063723 /* UserEntity.swift */ = {isa = PBXFileReference; lastKnownFileType = sourcecode.swift; path = UserEntity.swift; sourceTree = "<group>"; };
		A470376221CA7F7800063723 /* AddViewController.swift */ = {isa = PBXFileReference; lastKnownFileType = sourcecode.swift; path = AddViewController.swift; sourceTree = "<group>"; };
		A470376321CA7F7800063723 /* AddViewController.xib */ = {isa = PBXFileReference; lastKnownFileType = file.xib; path = AddViewController.xib; sourceTree = "<group>"; };
		DA27BC20808365C69058DD1D /* Pods-RealmTask.debug.xcconfig */ = {isa = PBXFileReference; includeInIndex = 1; lastKnownFileType = text.xcconfig; name = "Pods-RealmTask.debug.xcconfig"; path = "Pods/Target Support Files/Pods-RealmTask/Pods-RealmTask.debug.xcconfig"; sourceTree = "<group>"; };
/* End PBXFileReference section */

/* Begin PBXFrameworksBuildPhase section */
		A470371621CA79C700063723 /* Frameworks */ = {
			isa = PBXFrameworksBuildPhase;
			buildActionMask = 2147483647;
			files = (
				55D6CBD7CA5004D0E8616657 /* Pods_RealmTask.framework in Frameworks */,
			);
			runOnlyForDeploymentPostprocessing = 0;
		};
		A470372A21CA79C800063723 /* Frameworks */ = {
			isa = PBXFrameworksBuildPhase;
			buildActionMask = 2147483647;
			files = (
				CEEDFA75C0EFBF2F36599E37 /* Pods_RealmTaskTests.framework in Frameworks */,
			);
			runOnlyForDeploymentPostprocessing = 0;
		};
		A470373521CA79C800063723 /* Frameworks */ = {
			isa = PBXFrameworksBuildPhase;
			buildActionMask = 2147483647;
			files = (
				530972DB8BEC98473D7AF7D2 /* Pods_RealmTaskUITests.framework in Frameworks */,
			);
			runOnlyForDeploymentPostprocessing = 0;
		};
/* End PBXFrameworksBuildPhase section */

/* Begin PBXGroup section */
		180E3D42B8A96CAA768A697D /* Frameworks */ = {
			isa = PBXGroup;
			children = (
				6E454C7056093DCC6D27F0C9 /* Pods_RealmTask.framework */,
				403534D7CE9D30FFAD402CDC /* Pods_RealmTaskTests.framework */,
				272F93FB29AD3A39B81F6031 /* Pods_RealmTaskUITests.framework */,
			);
			name = Frameworks;
			sourceTree = "<group>";
		};
		A470371021CA79C700063723 = {
			isa = PBXGroup;
			children = (
				A470371B21CA79C700063723 /* RealmTask */,
				A470373021CA79C800063723 /* RealmTaskTests */,
				A470373B21CA79C800063723 /* RealmTaskUITests */,
				A470371A21CA79C700063723 /* Products */,
				DF03B3F709C0D5627E4B54F9 /* Pods */,
				180E3D42B8A96CAA768A697D /* Frameworks */,
			);
			sourceTree = "<group>";
		};
		A470371A21CA79C700063723 /* Products */ = {
			isa = PBXGroup;
			children = (
				A470371921CA79C700063723 /* RealmTask.app */,
				A470372D21CA79C800063723 /* RealmTaskTests.xctest */,
				A470373821CA79C800063723 /* RealmTaskUITests.xctest */,
			);
			name = Products;
			sourceTree = "<group>";
		};
		A470371B21CA79C700063723 /* RealmTask */ = {
			isa = PBXGroup;
			children = (
				A470375E21CA7DCE00063723 /* Entities */,
				A470375921CA7C6E00063723 /* Cells */,
				A470375321CA7B1C00063723 /* Repositories */,
				A470375021CA7AA500063723 /* Models */,
				A470374A21CA7A1A00063723 /* ViewControllers */,
				A470371C21CA79C700063723 /* AppDelegate.swift */,
				A470372321CA79C800063723 /* Assets.xcassets */,
				A470372521CA79C800063723 /* LaunchScreen.storyboard */,
				A470372821CA79C800063723 /* Info.plist */,
			);
			path = RealmTask;
			sourceTree = "<group>";
		};
		A470373021CA79C800063723 /* RealmTaskTests */ = {
			isa = PBXGroup;
			children = (
				A470373121CA79C800063723 /* RealmTaskTests.swift */,
				A470373321CA79C800063723 /* Info.plist */,
			);
			path = RealmTaskTests;
			sourceTree = "<group>";
		};
		A470373B21CA79C800063723 /* RealmTaskUITests */ = {
			isa = PBXGroup;
			children = (
				A470373C21CA79C800063723 /* RealmTaskUITests.swift */,
				A470373E21CA79C800063723 /* Info.plist */,
			);
			path = RealmTaskUITests;
			sourceTree = "<group>";
		};
		A470374A21CA7A1A00063723 /* ViewControllers */ = {
			isa = PBXGroup;
			children = (
				A470376121CA7F6400063723 /* AddViewController */,
				A470374B21CA7A2400063723 /* MainViewController */,
			);
			path = ViewControllers;
			sourceTree = "<group>";
		};
		A470374B21CA7A2400063723 /* MainViewController */ = {
			isa = PBXGroup;
			children = (
				A470374C21CA7A3C00063723 /* MainViewController.swift */,
				A470374D21CA7A3C00063723 /* MainViewController.xib */,
			);
			path = MainViewController;
			sourceTree = "<group>";
		};
		A470375021CA7AA500063723 /* Models */ = {
			isa = PBXGroup;
			children = (
				A470375121CA7AB100063723 /* User.swift */,
			);
			path = Models;
			sourceTree = "<group>";
		};
		A470375321CA7B1C00063723 /* Repositories */ = {
			isa = PBXGroup;
			children = (
				A470375421CA7B4700063723 /* LocalUserRepository.swift */,
				A470375621CA7B5000063723 /* Repository.swift */,
			);
			path = Repositories;
			sourceTree = "<group>";
		};
		A470375921CA7C6E00063723 /* Cells */ = {
			isa = PBXGroup;
			children = (
				A470375A21CA7C8100063723 /* UsersTableViewCell.swift */,
				A470375B21CA7C8100063723 /* UsersTableViewCell.xib */,
			);
			path = Cells;
			sourceTree = "<group>";
		};
		A470375E21CA7DCE00063723 /* Entities */ = {
			isa = PBXGroup;
			children = (
				A470375F21CA7DDC00063723 /* UserEntity.swift */,
			);
			path = Entities;
			sourceTree = "<group>";
		};
		A470376121CA7F6400063723 /* AddViewController */ = {
			isa = PBXGroup;
			children = (
				A470376221CA7F7800063723 /* AddViewController.swift */,
				A470376321CA7F7800063723 /* AddViewController.xib */,
			);
			path = AddViewController;
			sourceTree = "<group>";
		};
		DF03B3F709C0D5627E4B54F9 /* Pods */ = {
			isa = PBXGroup;
			children = (
				DA27BC20808365C69058DD1D /* Pods-RealmTask.debug.xcconfig */,
				94497485BCA9C26248A6DDD7 /* Pods-RealmTask.release.xcconfig */,
				7ECCD5E5EF163E4E5E3854D2 /* Pods-RealmTaskTests.debug.xcconfig */,
				576634CF0986FDF08E471EC0 /* Pods-RealmTaskTests.release.xcconfig */,
				39EE2D6C1802719406A13781 /* Pods-RealmTaskUITests.debug.xcconfig */,
				5677CCE421876806498328A1 /* Pods-RealmTaskUITests.release.xcconfig */,
			);
			name = Pods;
			sourceTree = "<group>";
		};
/* End PBXGroup section */

/* Begin PBXNativeTarget section */
		A470371821CA79C700063723 /* RealmTask */ = {
			isa = PBXNativeTarget;
			buildConfigurationList = A470374121CA79C800063723 /* Build configuration list for PBXNativeTarget "RealmTask" */;
			buildPhases = (
				159AFC067806AAFE21432E3E /* [CP] Check Pods Manifest.lock */,
				A470371521CA79C700063723 /* Sources */,
				A470371621CA79C700063723 /* Frameworks */,
				A470371721CA79C700063723 /* Resources */,
				5206401283F6400745131DB5 /* [CP] Embed Pods Frameworks */,
			);
			buildRules = (
			);
			dependencies = (
			);
			name = RealmTask;
			productName = RealmTask;
			productReference = A470371921CA79C700063723 /* RealmTask.app */;
			productType = "com.apple.product-type.application";
		};
		A470372C21CA79C800063723 /* RealmTaskTests */ = {
			isa = PBXNativeTarget;
			buildConfigurationList = A470374421CA79C800063723 /* Build configuration list for PBXNativeTarget "RealmTaskTests" */;
			buildPhases = (
				A5758F0F416F5144D3F9530E /* [CP] Check Pods Manifest.lock */,
				A470372921CA79C800063723 /* Sources */,
				A470372A21CA79C800063723 /* Frameworks */,
				A470372B21CA79C800063723 /* Resources */,
			);
			buildRules = (
			);
			dependencies = (
				A470372F21CA79C800063723 /* PBXTargetDependency */,
			);
			name = RealmTaskTests;
			productName = RealmTaskTests;
			productReference = A470372D21CA79C800063723 /* RealmTaskTests.xctest */;
			productType = "com.apple.product-type.bundle.unit-test";
		};
		A470373721CA79C800063723 /* RealmTaskUITests */ = {
			isa = PBXNativeTarget;
			buildConfigurationList = A470374721CA79C800063723 /* Build configuration list for PBXNativeTarget "RealmTaskUITests" */;
			buildPhases = (
				38C06A681907CE10ED90592F /* [CP] Check Pods Manifest.lock */,
				A470373421CA79C800063723 /* Sources */,
				A470373521CA79C800063723 /* Frameworks */,
				A470373621CA79C800063723 /* Resources */,
			);
			buildRules = (
			);
			dependencies = (
				A470373A21CA79C800063723 /* PBXTargetDependency */,
			);
			name = RealmTaskUITests;
			productName = RealmTaskUITests;
			productReference = A470373821CA79C800063723 /* RealmTaskUITests.xctest */;
			productType = "com.apple.product-type.bundle.ui-testing";
		};
/* End PBXNativeTarget section */

/* Begin PBXProject section */
		A470371121CA79C700063723 /* Project object */ = {
			isa = PBXProject;
			attributes = {
				LastSwiftUpdateCheck = 0930;
				LastUpgradeCheck = 0930;
				ORGANIZATIONNAME = "JOAQUIN DIAZ RAMIREZ";
				TargetAttributes = {
					A470371821CA79C700063723 = {
						CreatedOnToolsVersion = 9.3;
					};
					A470372C21CA79C800063723 = {
						CreatedOnToolsVersion = 9.3;
						TestTargetID = A470371821CA79C700063723;
					};
					A470373721CA79C800063723 = {
						CreatedOnToolsVersion = 9.3;
						TestTargetID = A470371821CA79C700063723;
					};
				};
			};
			buildConfigurationList = A470371421CA79C700063723 /* Build configuration list for PBXProject "RealmTask" */;
			compatibilityVersion = "Xcode 9.3";
			developmentRegion = en;
			hasScannedForEncodings = 0;
			knownRegions = (
				en,
				Base,
			);
			mainGroup = A470371021CA79C700063723;
			productRefGroup = A470371A21CA79C700063723 /* Products */;
			projectDirPath = "";
			projectRoot = "";
			targets = (
				A470371821CA79C700063723 /* RealmTask */,
				A470372C21CA79C800063723 /* RealmTaskTests */,
				A470373721CA79C800063723 /* RealmTaskUITests */,
			);
		};
/* End PBXProject section */

/* Begin PBXResourcesBuildPhase section */
		A470371721CA79C700063723 /* Resources */ = {
			isa = PBXResourcesBuildPhase;
			buildActionMask = 2147483647;
			files = (
				A470375D21CA7C8100063723 /* UsersTableViewCell.xib in Resources */,
				A470372721CA79C800063723 /* LaunchScreen.storyboard in Resources */,
				A470376521CA7F7800063723 /* AddViewController.xib in Resources */,
				A470374F21CA7A3C00063723 /* MainViewController.xib in Resources */,
				A470372421CA79C800063723 /* Assets.xcassets in Resources */,
			);
			runOnlyForDeploymentPostprocessing = 0;
		};
		A470372B21CA79C800063723 /* Resources */ = {
			isa = PBXResourcesBuildPhase;
			buildActionMask = 2147483647;
			files = (
			);
			runOnlyForDeploymentPostprocessing = 0;
		};
		A470373621CA79C800063723 /* Resources */ = {
			isa = PBXResourcesBuildPhase;
			buildActionMask = 2147483647;
			files = (
			);
			runOnlyForDeploymentPostprocessing = 0;
		};
/* End PBXResourcesBuildPhase section */

/* Begin PBXShellScriptBuildPhase section */
		159AFC067806AAFE21432E3E /* [CP] Check Pods Manifest.lock */ = {
			isa = PBXShellScriptBuildPhase;
			buildActionMask = 2147483647;
			files = (
			);
			inputPaths = (
				"${PODS_PODFILE_DIR_PATH}/Podfile.lock",
				"${PODS_ROOT}/Manifest.lock",
			);
			name = "[CP] Check Pods Manifest.lock";
			outputPaths = (
				"$(DERIVED_FILE_DIR)/Pods-RealmTask-checkManifestLockResult.txt",
			);
			runOnlyForDeploymentPostprocessing = 0;
			shellPath = /bin/sh;
			shellScript = "diff \"${PODS_PODFILE_DIR_PATH}/Podfile.lock\" \"${PODS_ROOT}/Manifest.lock\" > /dev/null\nif [ $? != 0 ] ; then\n    # print error to STDERR\n    echo \"error: The sandbox is not in sync with the Podfile.lock. Run 'pod install' or update your CocoaPods installation.\" >&2\n    exit 1\nfi\n# This output is used by Xcode 'outputs' to avoid re-running this script phase.\necho \"SUCCESS\" > \"${SCRIPT_OUTPUT_FILE_0}\"\n";
			showEnvVarsInLog = 0;
		};
		38C06A681907CE10ED90592F /* [CP] Check Pods Manifest.lock */ = {
			isa = PBXShellScriptBuildPhase;
			buildActionMask = 2147483647;
			files = (
			);
			inputPaths = (
				"${PODS_PODFILE_DIR_PATH}/Podfile.lock",
				"${PODS_ROOT}/Manifest.lock",
			);
			name = "[CP] Check Pods Manifest.lock";
			outputPaths = (
				"$(DERIVED_FILE_DIR)/Pods-RealmTaskUITests-checkManifestLockResult.txt",
			);
			runOnlyForDeploymentPostprocessing = 0;
			shellPath = /bin/sh;
			shellScript = "diff \"${PODS_PODFILE_DIR_PATH}/Podfile.lock\" \"${PODS_ROOT}/Manifest.lock\" > /dev/null\nif [ $? != 0 ] ; then\n    # print error to STDERR\n    echo \"error: The sandbox is not in sync with the Podfile.lock. Run 'pod install' or update your CocoaPods installation.\" >&2\n    exit 1\nfi\n# This output is used by Xcode 'outputs' to avoid re-running this script phase.\necho \"SUCCESS\" > \"${SCRIPT_OUTPUT_FILE_0}\"\n";
			showEnvVarsInLog = 0;
		};
		5206401283F6400745131DB5 /* [CP] Embed Pods Frameworks */ = {
			isa = PBXShellScriptBuildPhase;
			buildActionMask = 2147483647;
			files = (
			);
			inputPaths = (
				"${SRCROOT}/Pods/Target Support Files/Pods-RealmTask/Pods-RealmTask-frameworks.sh",
				"${BUILT_PRODUCTS_DIR}/Realm/Realm.framework",
				"${BUILT_PRODUCTS_DIR}/RealmSwift/RealmSwift.framework",
			);
			name = "[CP] Embed Pods Frameworks";
			outputPaths = (
				"${TARGET_BUILD_DIR}/${FRAMEWORKS_FOLDER_PATH}/Realm.framework",
				"${TARGET_BUILD_DIR}/${FRAMEWORKS_FOLDER_PATH}/RealmSwift.framework",
			);
			runOnlyForDeploymentPostprocessing = 0;
			shellPath = /bin/sh;
			shellScript = "\"${SRCROOT}/Pods/Target Support Files/Pods-RealmTask/Pods-RealmTask-frameworks.sh\"\n";
			showEnvVarsInLog = 0;
		};
		A5758F0F416F5144D3F9530E /* [CP] Check Pods Manifest.lock */ = {
			isa = PBXShellScriptBuildPhase;
			buildActionMask = 2147483647;
			files = (
			);
			inputPaths = (
				"${PODS_PODFILE_DIR_PATH}/Podfile.lock",
				"${PODS_ROOT}/Manifest.lock",
			);
			name = "[CP] Check Pods Manifest.lock";
			outputPaths = (
				"$(DERIVED_FILE_DIR)/Pods-RealmTaskTests-checkManifestLockResult.txt",
			);
			runOnlyForDeploymentPostprocessing = 0;
			shellPath = /bin/sh;
			shellScript = "diff \"${PODS_PODFILE_DIR_PATH}/Podfile.lock\" \"${PODS_ROOT}/Manifest.lock\" > /dev/null\nif [ $? != 0 ] ; then\n    # print error to STDERR\n    echo \"error: The sandbox is not in sync with the Podfile.lock. Run 'pod install' or update your CocoaPods installation.\" >&2\n    exit 1\nfi\n# This output is used by Xcode 'outputs' to avoid re-running this script phase.\necho \"SUCCESS\" > \"${SCRIPT_OUTPUT_FILE_0}\"\n";
			showEnvVarsInLog = 0;
		};
/* End PBXShellScriptBuildPhase section */

/* Begin PBXSourcesBuildPhase section */
		A470371521CA79C700063723 /* Sources */ = {
			isa = PBXSourcesBuildPhase;
			buildActionMask = 2147483647;
			files = (
				A470371D21CA79C700063723 /* AppDelegate.swift in Sources */,
				A470374E21CA7A3C00063723 /* MainViewController.swift in Sources */,
				A470376421CA7F7800063723 /* AddViewController.swift in Sources */,
				A470375721CA7B5000063723 /* Repository.swift in Sources */,
				A470375521CA7B4700063723 /* LocalUserRepository.swift in Sources */,
				A470376021CA7DDC00063723 /* UserEntity.swift in Sources */,
				A470375C21CA7C8100063723 /* UsersTableViewCell.swift in Sources */,
				A470375221CA7AB100063723 /* User.swift in Sources */,
			);
			runOnlyForDeploymentPostprocessing = 0;
		};
		A470372921CA79C800063723 /* Sources */ = {
			isa = PBXSourcesBuildPhase;
			buildActionMask = 2147483647;
			files = (
				A470373221CA79C800063723 /* RealmTaskTests.swift in Sources */,
			);
			runOnlyForDeploymentPostprocessing = 0;
		};
		A470373421CA79C800063723 /* Sources */ = {
			isa = PBXSourcesBuildPhase;
			buildActionMask = 2147483647;
			files = (
				A470373D21CA79C800063723 /* RealmTaskUITests.swift in Sources */,
			);
			runOnlyForDeploymentPostprocessing = 0;
		};
/* End PBXSourcesBuildPhase section */

/* Begin PBXTargetDependency section */
		A470372F21CA79C800063723 /* PBXTargetDependency */ = {
			isa = PBXTargetDependency;
			target = A470371821CA79C700063723 /* RealmTask */;
			targetProxy = A470372E21CA79C800063723 /* PBXContainerItemProxy */;
		};
		A470373A21CA79C800063723 /* PBXTargetDependency */ = {
			isa = PBXTargetDependency;
			target = A470371821CA79C700063723 /* RealmTask */;
			targetProxy = A470373921CA79C800063723 /* PBXContainerItemProxy */;
		};
/* End PBXTargetDependency section */

/* Begin PBXVariantGroup section */
		A470372521CA79C800063723 /* LaunchScreen.storyboard */ = {
			isa = PBXVariantGroup;
			children = (
				A470372621CA79C800063723 /* Base */,
			);
			name = LaunchScreen.storyboard;
			sourceTree = "<group>";
		};
/* End PBXVariantGroup section */

/* Begin XCBuildConfiguration section */
		A470373F21CA79C800063723 /* Debug */ = {
			isa = XCBuildConfiguration;
			buildSettings = {
				ALWAYS_SEARCH_USER_PATHS = NO;
				CLANG_ANALYZER_NONNULL = YES;
				CLANG_ANALYZER_NUMBER_OBJECT_CONVERSION = YES_AGGRESSIVE;
				CLANG_CXX_LANGUAGE_STANDARD = "gnu++14";
				CLANG_CXX_LIBRARY = "libc++";
				CLANG_ENABLE_MODULES = YES;
				CLANG_ENABLE_OBJC_ARC = YES;
				CLANG_ENABLE_OBJC_WEAK = YES;
				CLANG_WARN_BLOCK_CAPTURE_AUTORELEASING = YES;
				CLANG_WARN_BOOL_CONVERSION = YES;
				CLANG_WARN_COMMA = YES;
				CLANG_WARN_CONSTANT_CONVERSION = YES;
				CLANG_WARN_DEPRECATED_OBJC_IMPLEMENTATIONS = YES;
				CLANG_WARN_DIRECT_OBJC_ISA_USAGE = YES_ERROR;
				CLANG_WARN_DOCUMENTATION_COMMENTS = YES;
				CLANG_WARN_EMPTY_BODY = YES;
				CLANG_WARN_ENUM_CONVERSION = YES;
				CLANG_WARN_INFINITE_RECURSION = YES;
				CLANG_WARN_INT_CONVERSION = YES;
				CLANG_WARN_NON_LITERAL_NULL_CONVERSION = YES;
				CLANG_WARN_OBJC_IMPLICIT_RETAIN_SELF = YES;
				CLANG_WARN_OBJC_LITERAL_CONVERSION = YES;
				CLANG_WARN_OBJC_ROOT_CLASS = YES_ERROR;
				CLANG_WARN_RANGE_LOOP_ANALYSIS = YES;
				CLANG_WARN_STRICT_PROTOTYPES = YES;
				CLANG_WARN_SUSPICIOUS_MOVE = YES;
				CLANG_WARN_UNGUARDED_AVAILABILITY = YES_AGGRESSIVE;
				CLANG_WARN_UNREACHABLE_CODE = YES;
				CLANG_WARN__DUPLICATE_METHOD_MATCH = YES;
				CODE_SIGN_IDENTITY = "iPhone Developer";
				COPY_PHASE_STRIP = NO;
				DEBUG_INFORMATION_FORMAT = dwarf;
				ENABLE_STRICT_OBJC_MSGSEND = YES;
				ENABLE_TESTABILITY = YES;
				GCC_C_LANGUAGE_STANDARD = gnu11;
				GCC_DYNAMIC_NO_PIC = NO;
				GCC_NO_COMMON_BLOCKS = YES;
				GCC_OPTIMIZATION_LEVEL = 0;
				GCC_PREPROCESSOR_DEFINITIONS = (
					"DEBUG=1",
					"$(inherited)",
				);
				GCC_WARN_64_TO_32_BIT_CONVERSION = YES;
				GCC_WARN_ABOUT_RETURN_TYPE = YES_ERROR;
				GCC_WARN_UNDECLARED_SELECTOR = YES;
				GCC_WARN_UNINITIALIZED_AUTOS = YES_AGGRESSIVE;
				GCC_WARN_UNUSED_FUNCTION = YES;
				GCC_WARN_UNUSED_VARIABLE = YES;
				IPHONEOS_DEPLOYMENT_TARGET = 11.3;
				MTL_ENABLE_DEBUG_INFO = YES;
				ONLY_ACTIVE_ARCH = YES;
				SDKROOT = iphoneos;
				SWIFT_ACTIVE_COMPILATION_CONDITIONS = DEBUG;
				SWIFT_OPTIMIZATION_LEVEL = "-Onone";
			};
			name = Debug;
		};
		A470374021CA79C800063723 /* Release */ = {
			isa = XCBuildConfiguration;
			buildSettings = {
				ALWAYS_SEARCH_USER_PATHS = NO;
				CLANG_ANALYZER_NONNULL = YES;
				CLANG_ANALYZER_NUMBER_OBJECT_CONVERSION = YES_AGGRESSIVE;
				CLANG_CXX_LANGUAGE_STANDARD = "gnu++14";
				CLANG_CXX_LIBRARY = "libc++";
				CLANG_ENABLE_MODULES = YES;
				CLANG_ENABLE_OBJC_ARC = YES;
				CLANG_ENABLE_OBJC_WEAK = YES;
				CLANG_WARN_BLOCK_CAPTURE_AUTORELEASING = YES;
				CLANG_WARN_BOOL_CONVERSION = YES;
				CLANG_WARN_COMMA = YES;
				CLANG_WARN_CONSTANT_CONVERSION = YES;
				CLANG_WARN_DEPRECATED_OBJC_IMPLEMENTATIONS = YES;
				CLANG_WARN_DIRECT_OBJC_ISA_USAGE = YES_ERROR;
				CLANG_WARN_DOCUMENTATION_COMMENTS = YES;
				CLANG_WARN_EMPTY_BODY = YES;
				CLANG_WARN_ENUM_CONVERSION = YES;
				CLANG_WARN_INFINITE_RECURSION = YES;
				CLANG_WARN_INT_CONVERSION = YES;
				CLANG_WARN_NON_LITERAL_NULL_CONVERSION = YES;
				CLANG_WARN_OBJC_IMPLICIT_RETAIN_SELF = YES;
				CLANG_WARN_OBJC_LITERAL_CONVERSION = YES;
				CLANG_WARN_OBJC_ROOT_CLASS = YES_ERROR;
				CLANG_WARN_RANGE_LOOP_ANALYSIS = YES;
				CLANG_WARN_STRICT_PROTOTYPES = YES;
				CLANG_WARN_SUSPICIOUS_MOVE = YES;
				CLANG_WARN_UNGUARDED_AVAILABILITY = YES_AGGRESSIVE;
				CLANG_WARN_UNREACHABLE_CODE = YES;
				CLANG_WARN__DUPLICATE_METHOD_MATCH = YES;
				CODE_SIGN_IDENTITY = "iPhone Developer";
				COPY_PHASE_STRIP = NO;
				DEBUG_INFORMATION_FORMAT = "dwarf-with-dsym";
				ENABLE_NS_ASSERTIONS = NO;
				ENABLE_STRICT_OBJC_MSGSEND = YES;
				GCC_C_LANGUAGE_STANDARD = gnu11;
				GCC_NO_COMMON_BLOCKS = YES;
				GCC_WARN_64_TO_32_BIT_CONVERSION = YES;
				GCC_WARN_ABOUT_RETURN_TYPE = YES_ERROR;
				GCC_WARN_UNDECLARED_SELECTOR = YES;
				GCC_WARN_UNINITIALIZED_AUTOS = YES_AGGRESSIVE;
				GCC_WARN_UNUSED_FUNCTION = YES;
				GCC_WARN_UNUSED_VARIABLE = YES;
				IPHONEOS_DEPLOYMENT_TARGET = 11.3;
				MTL_ENABLE_DEBUG_INFO = NO;
				SDKROOT = iphoneos;
				SWIFT_COMPILATION_MODE = wholemodule;
				SWIFT_OPTIMIZATION_LEVEL = "-O";
				VALIDATE_PRODUCT = YES;
			};
			name = Release;
		};
		A470374221CA79C800063723 /* Debug */ = {
			isa = XCBuildConfiguration;
			baseConfigurationReference = DA27BC20808365C69058DD1D /* Pods-RealmTask.debug.xcconfig */;
			buildSettings = {
				ASSETCATALOG_COMPILER_APPICON_NAME = AppIcon;
				CODE_SIGN_STYLE = Automatic;
				DEVELOPMENT_TEAM = L283WBHYKQ;
				INFOPLIST_FILE = RealmTask/Info.plist;
				LD_RUNPATH_SEARCH_PATHS = (
					"$(inherited)",
					"@executable_path/Frameworks",
				);
				PRODUCT_BUNDLE_IDENTIFIER = joaquin.RealmTask;
				PRODUCT_NAME = "$(TARGET_NAME)";
				SWIFT_VERSION = 4.0;
				TARGETED_DEVICE_FAMILY = "1,2";
			};
			name = Debug;
		};
		A470374321CA79C800063723 /* Release */ = {
			isa = XCBuildConfiguration;
			baseConfigurationReference = 94497485BCA9C26248A6DDD7 /* Pods-RealmTask.release.xcconfig */;
			buildSettings = {
				ASSETCATALOG_COMPILER_APPICON_NAME = AppIcon;
				CODE_SIGN_STYLE = Automatic;
				DEVELOPMENT_TEAM = L283WBHYKQ;
				INFOPLIST_FILE = RealmTask/Info.plist;
				LD_RUNPATH_SEARCH_PATHS = (
					"$(inherited)",
					"@executable_path/Frameworks",
				);
				PRODUCT_BUNDLE_IDENTIFIER = joaquin.RealmTask;
				PRODUCT_NAME = "$(TARGET_NAME)";
				SWIFT_VERSION = 4.0;
				TARGETED_DEVICE_FAMILY = "1,2";
			};
			name = Release;
		};
		A470374521CA79C800063723 /* Debug */ = {
			isa = XCBuildConfiguration;
			baseConfigurationReference = 7ECCD5E5EF163E4E5E3854D2 /* Pods-RealmTaskTests.debug.xcconfig */;
			buildSettings = {
				ALWAYS_EMBED_SWIFT_STANDARD_LIBRARIES = YES;
				BUNDLE_LOADER = "$(TEST_HOST)";
				CODE_SIGN_STYLE = Automatic;
				DEVELOPMENT_TEAM = L283WBHYKQ;
				INFOPLIST_FILE = RealmTaskTests/Info.plist;
				LD_RUNPATH_SEARCH_PATHS = (
					"$(inherited)",
					"@executable_path/Frameworks",
					"@loader_path/Frameworks",
				);
				PRODUCT_BUNDLE_IDENTIFIER = joaquin.RealmTaskTests;
				PRODUCT_NAME = "$(TARGET_NAME)";
				SWIFT_VERSION = 4.0;
				TARGETED_DEVICE_FAMILY = "1,2";
				TEST_HOST = "$(BUILT_PRODUCTS_DIR)/RealmTask.app/RealmTask";
			};
			name = Debug;
		};
		A470374621CA79C800063723 /* Release */ = {
			isa = XCBuildConfiguration;
			baseConfigurationReference = 576634CF0986FDF08E471EC0 /* Pods-RealmTaskTests.release.xcconfig */;
			buildSettings = {
				ALWAYS_EMBED_SWIFT_STANDARD_LIBRARIES = YES;
				BUNDLE_LOADER = "$(TEST_HOST)";
				CODE_SIGN_STYLE = Automatic;
				DEVELOPMENT_TEAM = L283WBHYKQ;
				INFOPLIST_FILE = RealmTaskTests/Info.plist;
				LD_RUNPATH_SEARCH_PATHS = (
					"$(inherited)",
					"@executable_path/Frameworks",
					"@loader_path/Frameworks",
				);
				PRODUCT_BUNDLE_IDENTIFIER = joaquin.RealmTaskTests;
				PRODUCT_NAME = "$(TARGET_NAME)";
				SWIFT_VERSION = 4.0;
				TARGETED_DEVICE_FAMILY = "1,2";
				TEST_HOST = "$(BUILT_PRODUCTS_DIR)/RealmTask.app/RealmTask";
			};
			name = Release;
		};
		A470374821CA79C800063723 /* Debug */ = {
			isa = XCBuildConfiguration;
			baseConfigurationReference = 39EE2D6C1802719406A13781 /* Pods-RealmTaskUITests.debug.xcconfig */;
			buildSettings = {
				ALWAYS_EMBED_SWIFT_STANDARD_LIBRARIES = YES;
				CODE_SIGN_STYLE = Automatic;
				DEVELOPMENT_TEAM = L283WBHYKQ;
				INFOPLIST_FILE = RealmTaskUITests/Info.plist;
				LD_RUNPATH_SEARCH_PATHS = (
					"$(inherited)",
					"@executable_path/Frameworks",
					"@loader_path/Frameworks",
				);
				PRODUCT_BUNDLE_IDENTIFIER = joaquin.RealmTaskUITests;
				PRODUCT_NAME = "$(TARGET_NAME)";
				SWIFT_VERSION = 4.0;
				TARGETED_DEVICE_FAMILY = "1,2";
				TEST_TARGET_NAME = RealmTask;
			};
			name = Debug;
		};
		A470374921CA79C800063723 /* Release */ = {
			isa = XCBuildConfiguration;
			baseConfigurationReference = 5677CCE421876806498328A1 /* Pods-RealmTaskUITests.release.xcconfig */;
			buildSettings = {
				ALWAYS_EMBED_SWIFT_STANDARD_LIBRARIES = YES;
				CODE_SIGN_STYLE = Automatic;
				DEVELOPMENT_TEAM = L283WBHYKQ;
				INFOPLIST_FILE = RealmTaskUITests/Info.plist;
				LD_RUNPATH_SEARCH_PATHS = (
					"$(inherited)",
					"@executable_path/Frameworks",
					"@loader_path/Frameworks",
				);
				PRODUCT_BUNDLE_IDENTIFIER = joaquin.RealmTaskUITests;
				PRODUCT_NAME = "$(TARGET_NAME)";
				SWIFT_VERSION = 4.0;
				TARGETED_DEVICE_FAMILY = "1,2";
				TEST_TARGET_NAME = RealmTask;
			};
			name = Release;
		};
/* End XCBuildConfiguration section */

/* Begin XCConfigurationList section */
		A470371421CA79C700063723 /* Build configuration list for PBXProject "RealmTask" */ = {
			isa = XCConfigurationList;
			buildConfigurations = (
				A470373F21CA79C800063723 /* Debug */,
				A470374021CA79C800063723 /* Release */,
			);
			defaultConfigurationIsVisible = 0;
			defaultConfigurationName = Release;
		};
		A470374121CA79C800063723 /* Build configuration list for PBXNativeTarget "RealmTask" */ = {
			isa = XCConfigurationList;
			buildConfigurations = (
				A470374221CA79C800063723 /* Debug */,
				A470374321CA79C800063723 /* Release */,
			);
			defaultConfigurationIsVisible = 0;
			defaultConfigurationName = Release;
		};
		A470374421CA79C800063723 /* Build configuration list for PBXNativeTarget "RealmTaskTests" */ = {
			isa = XCConfigurationList;
			buildConfigurations = (
				A470374521CA79C800063723 /* Debug */,
				A470374621CA79C800063723 /* Release */,
			);
			defaultConfigurationIsVisible = 0;
			defaultConfigurationName = Release;
		};
		A470374721CA79C800063723 /* Build configuration list for PBXNativeTarget "RealmTaskUITests" */ = {
			isa = XCConfigurationList;
			buildConfigurations = (
				A470374821CA79C800063723 /* Debug */,
				A470374921CA79C800063723 /* Release */,
			);
			defaultConfigurationIsVisible = 0;
			defaultConfigurationName = Release;
		};
/* End XCConfigurationList section */
	};
	rootObject = A470371121CA79C700063723 /* Project object */;
}
